Microsoft Visual Studio Solution File, Format Version 12.00
# Visual Studio Version 17
VisualStudioVersion = 17.5.2.0
MinimumVisualStudioVersion = 10.0.40219.1
Project("{FAE04EC0-301F-11D3-BF4B-00C04F79EFBC}") = "eCloudFiscalDesktop", "ecloudfiscaldesktop\eCloudFiscalDesktop.csproj", "{0D741D9A-4DE5-8523-A354-A5400D44F245}"
EndProject
Global
	GlobalSection(SolutionConfigurationPlatforms) = preSolution
		Debug|Any CPU = Debug|Any CPU
		Release|Any CPU = Release|Any CPU
	EndGlobalSection
	GlobalSection(ProjectConfigurationPlatforms) = postSolution
		{0D741D9A-4DE5-8523-A354-A5400D44F245}.Debug|Any CPU.ActiveCfg = Debug|Any CPU
		{0D741D9A-4DE5-8523-A354-A5400D44F245}.Debug|Any CPU.Build.0 = Debug|Any CPU
		{0D741D9A-4DE5-8523-A354-A5400D44F245}.Release|Any CPU.ActiveCfg = Release|Any CPU
		{0D741D9A-4DE5-8523-A354-A5400D44F245}.Release|Any CPU.Build.0 = Release|Any CPU
	EndGlobalSection
	GlobalSection(SolutionProperties) = preSolution
		HideSolutionNode = FALSE
	EndGlobalSection
	GlobalSection(ExtensibilityGlobals) = postSolution
		SolutionGuid = {E9B29AD5-FD61-4607-92F7-AAF96D7CAE6D}
	EndGlobalSection
EndGlobal
